
Microsoft Visual Studio Solution File, Format Version 12.00
# Visual Studio Version 16
VisualStudioVersion = 16.0.31205.134
MinimumVisualStudioVersion = 10.0.40219.1
Project("{FAE04EC0-301F-11D3-BF4B-00C04F79EFBC}") = "RafaePassos", "RafaePassos\RafaePassos.csproj", "{B11FEA43-904C-411A-8E45-E9E78CBE9E48}"
EndProject
Global
	GlobalSection(SolutionConfigurationPlatforms) = preSolution
		Debug|Any CPU = Debug|Any CPU
		Release|Any CPU = Release|Any CPU
	EndGlobalSection
	GlobalSection(ProjectConfigurationPlatforms) = postSolution
		{B11FEA43-904C-411A-8E45-E9E78CBE9E48}.Debug|Any CPU.ActiveCfg = Debug|Any CPU
		{B11FEA43-904C-411A-8E45-E9E78CBE9E48}.Debug|Any CPU.Build.0 = Debug|Any CPU
		{B11FEA43-904C-411A-8E45-E9E78CBE9E48}.Release|Any CPU.ActiveCfg = Release|Any CPU
		{B11FEA43-904C-411A-8E45-E9E78CBE9E48}.Release|Any CPU.Build.0 = Release|Any CPU
	EndGlobalSection
	GlobalSection(SolutionProperties) = preSolution
		HideSolutionNode = FALSE
	EndGlobalSection
	GlobalSection(ExtensibilityGlobals) = postSolution
		SolutionGuid = {540E09F2-D5A9-4BA6-B36F-434B0A4BE6CF}
	EndGlobalSection
EndGlobal
